
Microsoft Visual Studio Solution File, Format Version 12.00
# Visual Studio Version 16
VisualStudioVersion = 16.0.30128.74
MinimumVisualStudioVersion = 10.0.40219.1
Project("{2150E333-8FDC-42A3-9474-1A3956D46DE8}") = "RedisSagas", "RedisSagas", "{BE8C8157-29B1-42E1-8813-08261F5CDBF8}"
EndProject
Project("{2150E333-8FDC-42A3-9474-1A3956D46DE8}") = "Solution Items", "Solution Items", "{3A7042F9-F926-4544-9F28-11156011B350}"
EndProject
Project("{FAE04EC0-301F-11D3-BF4B-00C04F79EFBC}") = "MassTransit.RedisSagas.Tests", "MassTransit.RedisSagas.Tests\MassTransit.RedisSagas.Tests.csproj", "{83A328B2-18C0-4A40-B576-3B51CBD7FD21}"
EndProject
Project("{9A19103F-16F7-4668-BE54-9A1E7A4F7556}") = "MassTransit.RedisSagas", "MassTransit.RedisSagas\MassTransit.RedisSagas.csproj", "{441ABAEA-C2FB-42D9-A4FA-5B613775948C}"
EndProject
Global
	GlobalSection(SolutionConfigurationPlatforms) = preSolution
		Debug|Any CPU = Debug|Any CPU
		Release|Any CPU = Release|Any CPU
	EndGlobalSection
	GlobalSection(ProjectConfigurationPlatforms) = postSolution
		{83A328B2-18C0-4A40-B576-3B51CBD7FD21}.Debug|Any CPU.ActiveCfg = Debug|Any CPU
		{83A328B2-18C0-4A40-B576-3B51CBD7FD21}.Debug|Any CPU.Build.0 = Debug|Any CPU
		{83A328B2-18C0-4A40-B576-3B51CBD7FD21}.Release|Any CPU.ActiveCfg = Release|Any CPU
		{83A328B2-18C0-4A40-B576-3B51CBD7FD21}.Release|Any CPU.Build.0 = Release|Any CPU
		{441ABAEA-C2FB-42D9-A4FA-5B613775948C}.Debug|Any CPU.ActiveCfg = Debug|Any CPU
		{441ABAEA-C2FB-42D9-A4FA-5B613775948C}.Debug|Any CPU.Build.0 = Debug|Any CPU
		{441ABAEA-C2FB-42D9-A4FA-5B613775948C}.Release|Any CPU.ActiveCfg = Release|Any CPU
		{441ABAEA-C2FB-42D9-A4FA-5B613775948C}.Release|Any CPU.Build.0 = Release|Any CPU
	EndGlobalSection
	GlobalSection(SolutionProperties) = preSolution
		HideSolutionNode = FALSE
	EndGlobalSection
	GlobalSection(NestedProjects) = preSolution
		{441ABAEA-C2FB-42D9-A4FA-5B613775948C} = {BE8C8157-29B1-42E1-8813-08261F5CDBF8}
	EndGlobalSection
	GlobalSection(ExtensibilityGlobals) = postSolution
		SolutionGuid = {4518F7A3-B231-4F01-ACFC-0B9E7B634217}
	EndGlobalSection
EndGlobal
