
Microsoft Visual Studio Solution File, Format Version 12.00
# Visual Studio 14
VisualStudioVersion = 14.0.25420.1
MinimumVisualStudioVersion = 10.0.40219.1
Project("{FAE04EC0-301F-11D3-BF4B-00C04F79EFBC}") = "MassTransit.RedisSagas", "MassTransit.RedisSagas\MassTransit.RedisSagas.csproj", "{C0B1328A-1016-468D-B171-0DA4377D889C}"
EndProject
Project("{FAE04EC0-301F-11D3-BF4B-00C04F79EFBC}") = "MassTransit.RedisSagas.Tests", "MassTransit.RedisSagas.Tests\MassTransit.RedisSagas.Tests.csproj", "{2A66B253-874A-4C70-9A51-1246B6FE7614}"
EndProject
Global
	GlobalSection(SolutionConfigurationPlatforms) = preSolution
		Debug|Any CPU = Debug|Any CPU
		Release|Any CPU = Release|Any CPU
	EndGlobalSection
	GlobalSection(ProjectConfigurationPlatforms) = postSolution
		{C0B1328A-1016-468D-B171-0DA4377D889C}.Debug|Any CPU.ActiveCfg = Debug|Any CPU
		{C0B1328A-1016-468D-B171-0DA4377D889C}.Debug|Any CPU.Build.0 = Debug|Any CPU
		{C0B1328A-1016-468D-B171-0DA4377D889C}.Release|Any CPU.ActiveCfg = Release|Any CPU
		{C0B1328A-1016-468D-B171-0DA4377D889C}.Release|Any CPU.Build.0 = Release|Any CPU
		{2A66B253-874A-4C70-9A51-1246B6FE7614}.Debug|Any CPU.ActiveCfg = Debug|Any CPU
		{2A66B253-874A-4C70-9A51-1246B6FE7614}.Debug|Any CPU.Build.0 = Debug|Any CPU
		{2A66B253-874A-4C70-9A51-1246B6FE7614}.Release|Any CPU.ActiveCfg = Release|Any CPU
		{2A66B253-874A-4C70-9A51-1246B6FE7614}.Release|Any CPU.Build.0 = Release|Any CPU
	EndGlobalSection
	GlobalSection(SolutionProperties) = preSolution
		HideSolutionNode = FALSE
	EndGlobalSection
EndGlobal
